
Microsoft Visual Studio Solution File, Format Version 12.00
# Visual Studio Version 17
VisualStudioVersion = 17.1.32319.34
MinimumVisualStudioVersion = 10.0.40219.1
Project("{FAE04EC0-301F-11D3-BF4B-00C04F79EFBC}") = "CSharpFunctions", "CSharpFunctions\CSharpFunctions.csproj", "{02E18A4F-6727-49ED-8EAA-A5913502B97C}"
EndProject
Global
	GlobalSection(SolutionConfigurationPlatforms) = preSolution
		Debug|Any CPU = Debug|Any CPU
		Release|Any CPU = Release|Any CPU
	EndGlobalSection
	GlobalSection(ProjectConfigurationPlatforms) = postSolution
		{02E18A4F-6727-49ED-8EAA-A5913502B97C}.Debug|Any CPU.ActiveCfg = Debug|Any CPU
		{02E18A4F-6727-49ED-8EAA-A5913502B97C}.Debug|Any CPU.Build.0 = Debug|Any CPU
		{02E18A4F-6727-49ED-8EAA-A5913502B97C}.Release|Any CPU.ActiveCfg = Release|Any CPU
		{02E18A4F-6727-49ED-8EAA-A5913502B97C}.Release|Any CPU.Build.0 = Release|Any CPU
	EndGlobalSection
	GlobalSection(SolutionProperties) = preSolution
		HideSolutionNode = FALSE
	EndGlobalSection
	GlobalSection(ExtensibilityGlobals) = postSolution
		SolutionGuid = {CC58268F-7CAD-4615-A6C9-82E1514F5622}
	EndGlobalSection
EndGlobal
